
Microsoft Visual Studio Solution File, Format Version 12.00
# Visual Studio Version 16
VisualStudioVersion = 16.0.29326.143
MinimumVisualStudioVersion = 10.0.40219.1
Project("{FAE04EC0-301F-11D3-BF4B-00C04F79EFBC}") = "FindWallpaper", "FindWallpaper\FindWallpaper.csproj", "{40C17102-2C2F-4226-9C3D-AFB33C98AA1E}"
EndProject
Global
	GlobalSection(SolutionConfigurationPlatforms) = preSolution
		Debug|Any CPU = Debug|Any CPU
		Release|Any CPU = Release|Any CPU
	EndGlobalSection
	GlobalSection(ProjectConfigurationPlatforms) = postSolution
		{40C17102-2C2F-4226-9C3D-AFB33C98AA1E}.Debug|Any CPU.ActiveCfg = Debug|Any CPU
		{40C17102-2C2F-4226-9C3D-AFB33C98AA1E}.Debug|Any CPU.Build.0 = Debug|Any CPU
		{40C17102-2C2F-4226-9C3D-AFB33C98AA1E}.Release|Any CPU.ActiveCfg = Release|Any CPU
		{40C17102-2C2F-4226-9C3D-AFB33C98AA1E}.Release|Any CPU.Build.0 = Release|Any CPU
	EndGlobalSection
	GlobalSection(SolutionProperties) = preSolution
		HideSolutionNode = FALSE
	EndGlobalSection
	GlobalSection(ExtensibilityGlobals) = postSolution
		SolutionGuid = {665ED6F3-15D4-4208-B6A4-9F4BFCE546D0}
	EndGlobalSection
EndGlobal
